
Microsoft Visual Studio Solution File, Format Version 12.00
# Visual Studio Version 16
VisualStudioVersion = 16.0.29926.136
MinimumVisualStudioVersion = 10.0.40219.1
Project("{FAE04EC0-301F-11D3-BF4B-00C04F79EFBC}") = "ExcludeExample", "ExcludeExample.csproj", "{FA7A3E5D-1E5C-4191-B17A-5477062F9E9D}"
EndProject
Global
	GlobalSection(SolutionConfigurationPlatforms) = preSolution
		Debug|Any CPU = Debug|Any CPU
		Release|Any CPU = Release|Any CPU
	EndGlobalSection
	GlobalSection(ProjectConfigurationPlatforms) = postSolution
		{FA7A3E5D-1E5C-4191-B17A-5477062F9E9D}.Debug|Any CPU.ActiveCfg = Debug|Any CPU
		{FA7A3E5D-1E5C-4191-B17A-5477062F9E9D}.Debug|Any CPU.Build.0 = Debug|Any CPU
		{FA7A3E5D-1E5C-4191-B17A-5477062F9E9D}.Release|Any CPU.ActiveCfg = Release|Any CPU
		{FA7A3E5D-1E5C-4191-B17A-5477062F9E9D}.Release|Any CPU.Build.0 = Release|Any CPU
	EndGlobalSection
	GlobalSection(SolutionProperties) = preSolution
		HideSolutionNode = FALSE
	EndGlobalSection
	GlobalSection(ExtensibilityGlobals) = postSolution
		SolutionGuid = {E8AD06D1-07D5-4E9F-8F72-125DADE9E5F4}
	EndGlobalSection
EndGlobal
